
Microsoft Visual Studio Solution File, Format Version 12.00
# Visual Studio Version 17
VisualStudioVersion = 17.10.34804.81
MinimumVisualStudioVersion = 10.0.40219.1
Project("{FAE04EC0-301F-11D3-BF4B-00C04F79EFBC}") = "DotNet8WebAPI-LiteDB", "DotNet8WebAPI-LiteDB\DotNet8WebAPI-LiteDB.csproj", "{10B21BFF-93FD-4932-9CA7-7EB0C86B8CE3}"
EndProject
Global
	GlobalSection(SolutionConfigurationPlatforms) = preSolution
		Debug|Any CPU = Debug|Any CPU
		Release|Any CPU = Release|Any CPU
	EndGlobalSection
	GlobalSection(ProjectConfigurationPlatforms) = postSolution
		{10B21BFF-93FD-4932-9CA7-7EB0C86B8CE3}.Debug|Any CPU.ActiveCfg = Debug|Any CPU
		{10B21BFF-93FD-4932-9CA7-7EB0C86B8CE3}.Debug|Any CPU.Build.0 = Debug|Any CPU
		{10B21BFF-93FD-4932-9CA7-7EB0C86B8CE3}.Release|Any CPU.ActiveCfg = Release|Any CPU
		{10B21BFF-93FD-4932-9CA7-7EB0C86B8CE3}.Release|Any CPU.Build.0 = Release|Any CPU
	EndGlobalSection
	GlobalSection(SolutionProperties) = preSolution
		HideSolutionNode = FALSE
	EndGlobalSection
	GlobalSection(ExtensibilityGlobals) = postSolution
		SolutionGuid = {AAF5E4BF-77AB-429F-8F7D-64C31D829694}
	EndGlobalSection
EndGlobal
